
Microsoft Visual Studio Solution File, Format Version 12.00
# Visual Studio Version 16
VisualStudioVersion = 16.0.30907.101
MinimumVisualStudioVersion = 10.0.40219.1
Project("{FAE04EC0-301F-11D3-BF4B-00C04F79EFBC}") = "ClassTemperatures", "ClassTemperatures\ClassTemperatures.csproj", "{6C0CAC2C-46C6-44AB-9B39-454EB1F3D9AF}"
EndProject
Project("{FAE04EC0-301F-11D3-BF4B-00C04F79EFBC}") = "UnitTestTemperatures", "UnitTestTemperatures\UnitTestTemperatures.csproj", "{2C2AE5A1-B05E-458B-9E60-7D0B3B70221D}"
EndProject
Global
	GlobalSection(SolutionConfigurationPlatforms) = preSolution
		Debug|Any CPU = Debug|Any CPU
		Release|Any CPU = Release|Any CPU
	EndGlobalSection
	GlobalSection(ProjectConfigurationPlatforms) = postSolution
		{6C0CAC2C-46C6-44AB-9B39-454EB1F3D9AF}.Debug|Any CPU.ActiveCfg = Debug|Any CPU
		{6C0CAC2C-46C6-44AB-9B39-454EB1F3D9AF}.Debug|Any CPU.Build.0 = Debug|Any CPU
		{6C0CAC2C-46C6-44AB-9B39-454EB1F3D9AF}.Release|Any CPU.ActiveCfg = Release|Any CPU
		{6C0CAC2C-46C6-44AB-9B39-454EB1F3D9AF}.Release|Any CPU.Build.0 = Release|Any CPU
		{2C2AE5A1-B05E-458B-9E60-7D0B3B70221D}.Debug|Any CPU.ActiveCfg = Debug|Any CPU
		{2C2AE5A1-B05E-458B-9E60-7D0B3B70221D}.Debug|Any CPU.Build.0 = Debug|Any CPU
		{2C2AE5A1-B05E-458B-9E60-7D0B3B70221D}.Release|Any CPU.ActiveCfg = Release|Any CPU
		{2C2AE5A1-B05E-458B-9E60-7D0B3B70221D}.Release|Any CPU.Build.0 = Release|Any CPU
	EndGlobalSection
	GlobalSection(SolutionProperties) = preSolution
		HideSolutionNode = FALSE
	EndGlobalSection
	GlobalSection(ExtensibilityGlobals) = postSolution
		SolutionGuid = {6CF1A508-84B9-4FFD-9A09-73D4BBAA824C}
	EndGlobalSection
EndGlobal
